
Microsoft Visual Studio Solution File, Format Version 12.00
# Visual Studio Version 16
VisualStudioVersion = 16.0.32929.386
MinimumVisualStudioVersion = 10.0.40219.1
Project("{FAE04EC0-301F-11D3-BF4B-00C04F79EFBC}") = "Bank", "Bank\Bank.csproj", "{87D2CA24-CE83-44EA-A423-493A6AD7D330}"
EndProject
Project("{FAE04EC0-301F-11D3-BF4B-00C04F79EFBC}") = "BankTests", "BankTests\BankTests.csproj", "{14017DCB-C871-41FF-860B-7F04699EBA00}"
EndProject
Global
	GlobalSection(SolutionConfigurationPlatforms) = preSolution
		Debug|Any CPU = Debug|Any CPU
		Release|Any CPU = Release|Any CPU
	EndGlobalSection
	GlobalSection(ProjectConfigurationPlatforms) = postSolution
		{87D2CA24-CE83-44EA-A423-493A6AD7D330}.Debug|Any CPU.ActiveCfg = Debug|Any CPU
		{87D2CA24-CE83-44EA-A423-493A6AD7D330}.Debug|Any CPU.Build.0 = Debug|Any CPU
		{87D2CA24-CE83-44EA-A423-493A6AD7D330}.Release|Any CPU.ActiveCfg = Release|Any CPU
		{87D2CA24-CE83-44EA-A423-493A6AD7D330}.Release|Any CPU.Build.0 = Release|Any CPU
		{14017DCB-C871-41FF-860B-7F04699EBA00}.Debug|Any CPU.ActiveCfg = Debug|Any CPU
		{14017DCB-C871-41FF-860B-7F04699EBA00}.Debug|Any CPU.Build.0 = Debug|Any CPU
		{14017DCB-C871-41FF-860B-7F04699EBA00}.Release|Any CPU.ActiveCfg = Release|Any CPU
		{14017DCB-C871-41FF-860B-7F04699EBA00}.Release|Any CPU.Build.0 = Release|Any CPU
	EndGlobalSection
	GlobalSection(SolutionProperties) = preSolution
		HideSolutionNode = FALSE
	EndGlobalSection
	GlobalSection(ExtensibilityGlobals) = postSolution
		SolutionGuid = {0608FDB7-3434-4A6B-BFBA-E019DAF28C3C}
	EndGlobalSection
EndGlobal
